
Microsoft Visual Studio Solution File, Format Version 12.00
# Visual Studio Version 17
VisualStudioVersion = 17.8.34330.188
MinimumVisualStudioVersion = 10.0.40219.1
Project("{FAE04EC0-301F-11D3-BF4B-00C04F79EFBC}") = "EnumApp", "EnumApp.csproj", "{3EC6EBD8-7164-4267-A79F-1FF7D40649A7}"
EndProject
Global
	GlobalSection(SolutionConfigurationPlatforms) = preSolution
		Debug|Any CPU = Debug|Any CPU
		Release|Any CPU = Release|Any CPU
	EndGlobalSection
	GlobalSection(ProjectConfigurationPlatforms) = postSolution
		{3EC6EBD8-7164-4267-A79F-1FF7D40649A7}.Debug|Any CPU.ActiveCfg = Debug|Any CPU
		{3EC6EBD8-7164-4267-A79F-1FF7D40649A7}.Debug|Any CPU.Build.0 = Debug|Any CPU
		{3EC6EBD8-7164-4267-A79F-1FF7D40649A7}.Release|Any CPU.ActiveCfg = Release|Any CPU
		{3EC6EBD8-7164-4267-A79F-1FF7D40649A7}.Release|Any CPU.Build.0 = Release|Any CPU
	EndGlobalSection
	GlobalSection(SolutionProperties) = preSolution
		HideSolutionNode = FALSE
	EndGlobalSection
	GlobalSection(ExtensibilityGlobals) = postSolution
		SolutionGuid = {7C2F2FF2-C191-476A-A4E6-0308821C1534}
	EndGlobalSection
EndGlobal
